{"filter":false,"title":"Gemfile.lock","tooltip":"/crud_exam_app/Gemfile.lock","undoManager":{"mark":0,"position":0,"stack":[[{"start":{"row":49,"column":0},"end":{"row":50,"column":0},"action":"insert","lines":["    bcrypt (3.1.13)",""],"id":2,"ignore":true},{"start":{"row":77,"column":0},"end":{"row":83,"column":0},"action":"insert","lines":["    devise (4.7.1)","      bcrypt (~> 3.0)","      orm_adapter (~> 0.1)","      railties (>= 4.1.0)","      responders","      warden (~> 1.2.3)",""]},{"start":{"row":113,"column":0},"end":{"row":114,"column":0},"action":"insert","lines":["    orm_adapter (0.5.0)",""]},{"start":{"row":148,"column":0},"end":{"row":151,"column":0},"action":"insert","lines":["    responders (3.0.0)","      actionpack (>= 5.0)","      railties (>= 5.0)",""]},{"start":{"row":189,"column":0},"end":{"row":191,"column":0},"action":"insert","lines":["    warden (1.2.8)","      rack (>= 2.0.6)",""]},{"start":{"row":211,"column":0},"end":{"row":212,"column":0},"action":"insert","lines":["  devise",""]}]]},"ace":{"folds":[],"scrolltop":0,"scrollleft":0,"selection":{"start":{"row":0,"column":0},"end":{"row":0,"column":0},"isBackwards":false},"options":{"guessTabSize":true,"useWrapMode":false,"wrapToView":true},"firstLineState":0},"timestamp":1585136160174,"hash":"0fd9e4f8bda7c4d370d5d3f16817b0709578240e"}